
Microsoft Visual Studio Solution File, Format Version 12.00
# Visual Studio Version 17
VisualStudioVersion = 17.0.31903.59
MinimumVisualStudioVersion = 10.0.40219.1
Project("{2150E333-8FDC-42A3-9474-1A3956D46DE8}") = "src", "src", "{A6A75F9E-2CAB-40A1-AEFB-9E94AFC226BE}"
EndProject
Project("{FAE04EC0-301F-11D3-BF4B-00C04F79EFBC}") = "TaskForge.API", "src\TaskForge.API\TaskForge.API.csproj", "{8529CEA8-7C89-4E9A-A326-67507CBE026D}"
EndProject
Project("{FAE04EC0-301F-11D3-BF4B-00C04F79EFBC}") = "TaskForge.Application", "src\TaskForge.Application\TaskForge.Application.csproj", "{CF66E65D-9B86-4E40-B069-F15B7283C4A8}"
EndProject
Project("{FAE04EC0-301F-11D3-BF4B-00C04F79EFBC}") = "TaskForge.Domain", "src\TaskForge.Domain\TaskForge.Domain.csproj", "{DD7FD095-D07E-4F64-8F51-53F673BDC221}"
EndProject
Project("{FAE04EC0-301F-11D3-BF4B-00C04F79EFBC}") = "TaskForge.Persistence", "src\TaskForge.Persistence\TaskForge.Persistence.csproj", "{24B813FA-2EFC-4C8D-947A-6FBBB0812776}"
EndProject
Project("{FAE04EC0-301F-11D3-BF4B-00C04F79EFBC}") = "TaskForge.StartupTasks", "src\TaskForge.StartupTasks\TaskForge.StartupTasks.csproj", "{2B84E408-A868-4F25-B225-4562B48DD252}"
EndProject
Project("{FAE04EC0-301F-11D3-BF4B-00C04F79EFBC}") = "TaskForge.EventProcessor", "src\TaskForge.EventProcessor\TaskForge.EventProcessor.csproj", "{A1DF28D6-64DF-42D9-828C-4C608E89B4D0}"
EndProject
Project("{FAE04EC0-301F-11D3-BF4B-00C04F79EFBC}") = "TaskForge.MessageConsumer", "src\TaskForge.MessageConsumer\TaskForge.MessageConsumer.csproj", "{424E137A-9B30-415A-98F2-E7950DEFC3DD}"
EndProject
Project("{2150E333-8FDC-42A3-9474-1A3956D46DE8}") = "tests", "tests", "{9463A83A-E4FB-46D7-B810-5004FBBA40AB}"
EndProject
Project("{FAE04EC0-301F-11D3-BF4B-00C04F79EFBC}") = "Tests.TaskForge.API", "tests\Tests.TaskForge.API\Tests.TaskForge.API.csproj", "{6E832E5A-8C30-49A6-AB5D-17EA8BAA1EC2}"
EndProject
Project("{FAE04EC0-301F-11D3-BF4B-00C04F79EFBC}") = "Tests.TaskForge.Application", "tests\Tests.TaskForge.Application\Tests.TaskForge.Application.csproj", "{3DA07CCC-9B42-478A-89DB-946BFACC9B0C}"
EndProject
Project("{FAE04EC0-301F-11D3-BF4B-00C04F79EFBC}") = "Tests.TaskForge.Domain", "tests\Tests.TaskForge.Domain\Tests.TaskForge.Domain.csproj", "{39CC0B3C-4AB5-4E21-94F6-5143B90B566E}"
EndProject
Project("{FAE04EC0-301F-11D3-BF4B-00C04F79EFBC}") = "Tests.TaskForge.Persistence", "tests\Tests.TaskForge.Persistence\Tests.TaskForge.Persistence.csproj", "{3DAAC90E-2A57-41BA-B4BF-29422A44FE08}"
EndProject
Project("{FAE04EC0-301F-11D3-BF4B-00C04F79EFBC}") = "Tests.TaskForge.StartupTasks", "tests\Tests.TaskForge.StartupTasks\Tests.TaskForge.StartupTasks.csproj", "{2BE3B91A-43CA-4C18-88B8-4BEAA9172BED}"
EndProject
Project("{FAE04EC0-301F-11D3-BF4B-00C04F79EFBC}") = "Tests.TaskForge.EventProcessor", "tests\Tests.TaskForge.EventProcessor\Tests.TaskForge.EventProcessor.csproj", "{D73638BE-F315-41EF-A205-731FB0BBC125}"
EndProject
Project("{FAE04EC0-301F-11D3-BF4B-00C04F79EFBC}") = "Tests.TaskForge.MessageConsumer", "tests\Tests.TaskForge.MessageConsumer\Tests.TaskForge.MessageConsumer.csproj", "{1DD54D18-5819-4977-8966-5ACAB7F8BB1E}"
EndProject
Project("{FAE04EC0-301F-11D3-BF4B-00C04F79EFBC}") = "Tests.TaskForge.Architecture", "tests\Tests.TaskForge.Architecture\Tests.TaskForge.Architecture.csproj", "{A1B2C3D4-E5F6-7890-ABCD-EF1234567890}"
EndProject
Project("{FAE04EC0-301F-11D3-BF4B-00C04F79EFBC}") = "Tests.TaskForge.Core", "tests\Tests.TaskForge.Core\Tests.TaskForge.Core.csproj", "{B2C3D4E5-F6A7-8901-BCDE-F123456789AB}"
EndProject
Project("{FAE04EC0-301F-11D3-BF4B-00C04F79EFBC}") = "IntegratonTests.TaskForge.API", "tests\IntegratonTests.TaskForge.API\IntegratonTests.TaskForge.API.csproj", "{7625BBBC-CBE7-4A70-A24B-BAC3005A5E8D}"
EndProject
Project("{FAE04EC0-301F-11D3-BF4B-00C04F79EFBC}") = "IntegratonTests.TaskForge.Application", "tests\IntegratonTests.TaskForge.Application\IntegratonTests.TaskForge.Application.csproj", "{F96F36AB-E5BA-4FAC-89DA-EFE768C281E5}"
EndProject
Project("{FAE04EC0-301F-11D3-BF4B-00C04F79EFBC}") = "IntegratonTests.TaskForge.Domain", "tests\IntegratonTests.TaskForge.Domain\IntegratonTests.TaskForge.Domain.csproj", "{03215A9F-65D7-43D5-83C4-6238EB91A3F9}"
EndProject
Project("{FAE04EC0-301F-11D3-BF4B-00C04F79EFBC}") = "IntegratonTests.TaskForge.Persistence", "tests\IntegratonTests.TaskForge.Persistence\IntegratonTests.TaskForge.Persistence.csproj", "{193A9CF9-714D-4E92-9577-E6289D9AFBA1}"
EndProject
Project("{FAE04EC0-301F-11D3-BF4B-00C04F79EFBC}") = "IntegratonTests.TaskForge.StartupTasks", "tests\IntegratonTests.TaskForge.StartupTasks\IntegratonTests.TaskForge.StartupTasks.csproj", "{53F538CE-0A14-4A16-9A1B-C08EB1EA4567}"
EndProject
Project("{FAE04EC0-301F-11D3-BF4B-00C04F79EFBC}") = "IntegratonTests.TaskForge.EventProcessor", "tests\IntegratonTests.TaskForge.EventProcessor\IntegratonTests.TaskForge.EventProcessor.csproj", "{44C9E9AD-10F4-4D34-89EC-D2B78582F272}"
EndProject
Project("{FAE04EC0-301F-11D3-BF4B-00C04F79EFBC}") = "IntegratonTests.TaskForge.MessageConsumer", "tests\IntegratonTests.TaskForge.MessageConsumer\IntegratonTests.TaskForge.MessageConsumer.csproj", "{9952B359-ED79-40A2-92CB-1E943B36C8AD}"
EndProject
Project("{E53339B2-1760-4266-BCC7-CA923CBCF16C}") = "docker-compose", "docker-compose.dcproj", "{81DDED9D-158B-E303-5F62-77A2896D2A5A}"
EndProject
Global
	GlobalSection(SolutionConfigurationPlatforms) = preSolution
		Debug|Any CPU = Debug|Any CPU
		Release|Any CPU = Release|Any CPU
	EndGlobalSection
	GlobalSection(ProjectConfigurationPlatforms) = postSolution
		{8529CEA8-7C89-4E9A-A326-67507CBE026D}.Debug|Any CPU.ActiveCfg = Debug|Any CPU
		{8529CEA8-7C89-4E9A-A326-67507CBE026D}.Debug|Any CPU.Build.0 = Debug|Any CPU
		{8529CEA8-7C89-4E9A-A326-67507CBE026D}.Release|Any CPU.ActiveCfg = Release|Any CPU
		{8529CEA8-7C89-4E9A-A326-67507CBE026D}.Release|Any CPU.Build.0 = Release|Any CPU
		{CF66E65D-9B86-4E40-B069-F15B7283C4A8}.Debug|Any CPU.ActiveCfg = Debug|Any CPU
		{CF66E65D-9B86-4E40-B069-F15B7283C4A8}.Debug|Any CPU.Build.0 = Debug|Any CPU
		{CF66E65D-9B86-4E40-B069-F15B7283C4A8}.Release|Any CPU.ActiveCfg = Release|Any CPU
		{CF66E65D-9B86-4E40-B069-F15B7283C4A8}.Release|Any CPU.Build.0 = Release|Any CPU
		{DD7FD095-D07E-4F64-8F51-53F673BDC221}.Debug|Any CPU.ActiveCfg = Debug|Any CPU
		{DD7FD095-D07E-4F64-8F51-53F673BDC221}.Debug|Any CPU.Build.0 = Debug|Any CPU
		{DD7FD095-D07E-4F64-8F51-53F673BDC221}.Release|Any CPU.ActiveCfg = Release|Any CPU
		{DD7FD095-D07E-4F64-8F51-53F673BDC221}.Release|Any CPU.Build.0 = Release|Any CPU
		{24B813FA-2EFC-4C8D-947A-6FBBB0812776}.Debug|Any CPU.ActiveCfg = Debug|Any CPU
		{24B813FA-2EFC-4C8D-947A-6FBBB0812776}.Debug|Any CPU.Build.0 = Debug|Any CPU
		{24B813FA-2EFC-4C8D-947A-6FBBB0812776}.Release|Any CPU.ActiveCfg = Release|Any CPU
		{24B813FA-2EFC-4C8D-947A-6FBBB0812776}.Release|Any CPU.Build.0 = Release|Any CPU
		{2B84E408-A868-4F25-B225-4562B48DD252}.Debug|Any CPU.ActiveCfg = Debug|Any CPU
		{2B84E408-A868-4F25-B225-4562B48DD252}.Debug|Any CPU.Build.0 = Debug|Any CPU
		{2B84E408-A868-4F25-B225-4562B48DD252}.Release|Any CPU.ActiveCfg = Release|Any CPU
		{2B84E408-A868-4F25-B225-4562B48DD252}.Release|Any CPU.Build.0 = Release|Any CPU
		{A1DF28D6-64DF-42D9-828C-4C608E89B4D0}.Debug|Any CPU.ActiveCfg = Debug|Any CPU
		{A1DF28D6-64DF-42D9-828C-4C608E89B4D0}.Debug|Any CPU.Build.0 = Debug|Any CPU
		{A1DF28D6-64DF-42D9-828C-4C608E89B4D0}.Release|Any CPU.ActiveCfg = Release|Any CPU
		{A1DF28D6-64DF-42D9-828C-4C608E89B4D0}.Release|Any CPU.Build.0 = Release|Any CPU
		{424E137A-9B30-415A-98F2-E7950DEFC3DD}.Debug|Any CPU.ActiveCfg = Debug|Any CPU
		{424E137A-9B30-415A-98F2-E7950DEFC3DD}.Debug|Any CPU.Build.0 = Debug|Any CPU
		{424E137A-9B30-415A-98F2-E7950DEFC3DD}.Release|Any CPU.ActiveCfg = Release|Any CPU
		{424E137A-9B30-415A-98F2-E7950DEFC3DD}.Release|Any CPU.Build.0 = Release|Any CPU
		{6E832E5A-8C30-49A6-AB5D-17EA8BAA1EC2}.Debug|Any CPU.ActiveCfg = Debug|Any CPU
		{6E832E5A-8C30-49A6-AB5D-17EA8BAA1EC2}.Debug|Any CPU.Build.0 = Debug|Any CPU
		{6E832E5A-8C30-49A6-AB5D-17EA8BAA1EC2}.Release|Any CPU.ActiveCfg = Release|Any CPU
		{6E832E5A-8C30-49A6-AB5D-17EA8BAA1EC2}.Release|Any CPU.Build.0 = Release|Any CPU
		{3DA07CCC-9B42-478A-89DB-946BFACC9B0C}.Debug|Any CPU.ActiveCfg = Debug|Any CPU
		{3DA07CCC-9B42-478A-89DB-946BFACC9B0C}.Debug|Any CPU.Build.0 = Debug|Any CPU
		{3DA07CCC-9B42-478A-89DB-946BFACC9B0C}.Release|Any CPU.ActiveCfg = Release|Any CPU
		{3DA07CCC-9B42-478A-89DB-946BFACC9B0C}.Release|Any CPU.Build.0 = Release|Any CPU
		{39CC0B3C-4AB5-4E21-94F6-5143B90B566E}.Debug|Any CPU.ActiveCfg = Debug|Any CPU
		{39CC0B3C-4AB5-4E21-94F6-5143B90B566E}.Debug|Any CPU.Build.0 = Debug|Any CPU
		{39CC0B3C-4AB5-4E21-94F6-5143B90B566E}.Release|Any CPU.ActiveCfg = Release|Any CPU
		{39CC0B3C-4AB5-4E21-94F6-5143B90B566E}.Release|Any CPU.Build.0 = Release|Any CPU
		{3DAAC90E-2A57-41BA-B4BF-29422A44FE08}.Debug|Any CPU.ActiveCfg = Debug|Any CPU
		{3DAAC90E-2A57-41BA-B4BF-29422A44FE08}.Debug|Any CPU.Build.0 = Debug|Any CPU
		{3DAAC90E-2A57-41BA-B4BF-29422A44FE08}.Release|Any CPU.ActiveCfg = Release|Any CPU
		{3DAAC90E-2A57-41BA-B4BF-29422A44FE08}.Release|Any CPU.Build.0 = Release|Any CPU
		{2BE3B91A-43CA-4C18-88B8-4BEAA9172BED}.Debug|Any CPU.ActiveCfg = Debug|Any CPU
		{2BE3B91A-43CA-4C18-88B8-4BEAA9172BED}.Debug|Any CPU.Build.0 = Debug|Any CPU
		{2BE3B91A-43CA-4C18-88B8-4BEAA9172BED}.Release|Any CPU.ActiveCfg = Release|Any CPU
		{2BE3B91A-43CA-4C18-88B8-4BEAA9172BED}.Release|Any CPU.Build.0 = Release|Any CPU
		{D73638BE-F315-41EF-A205-731FB0BBC125}.Debug|Any CPU.ActiveCfg = Debug|Any CPU
		{D73638BE-F315-41EF-A205-731FB0BBC125}.Debug|Any CPU.Build.0 = Debug|Any CPU
		{D73638BE-F315-41EF-A205-731FB0BBC125}.Release|Any CPU.ActiveCfg = Release|Any CPU
		{D73638BE-F315-41EF-A205-731FB0BBC125}.Release|Any CPU.Build.0 = Release|Any CPU
		{1DD54D18-5819-4977-8966-5ACAB7F8BB1E}.Debug|Any CPU.ActiveCfg = Debug|Any CPU
		{1DD54D18-5819-4977-8966-5ACAB7F8BB1E}.Debug|Any CPU.Build.0 = Debug|Any CPU
		{1DD54D18-5819-4977-8966-5ACAB7F8BB1E}.Release|Any CPU.ActiveCfg = Release|Any CPU
		{1DD54D18-5819-4977-8966-5ACAB7F8BB1E}.Release|Any CPU.Build.0 = Release|Any CPU
		{A1B2C3D4-E5F6-7890-ABCD-EF1234567890}.Debug|Any CPU.ActiveCfg = Debug|Any CPU
		{A1B2C3D4-E5F6-7890-ABCD-EF1234567890}.Debug|Any CPU.Build.0 = Debug|Any CPU
		{A1B2C3D4-E5F6-7890-ABCD-EF1234567890}.Release|Any CPU.ActiveCfg = Release|Any CPU
		{A1B2C3D4-E5F6-7890-ABCD-EF1234567890}.Release|Any CPU.Build.0 = Release|Any CPU
		{B2C3D4E5-F6A7-8901-BCDE-F123456789AB}.Debug|Any CPU.ActiveCfg = Debug|Any CPU
		{B2C3D4E5-F6A7-8901-BCDE-F123456789AB}.Debug|Any CPU.Build.0 = Debug|Any CPU
		{B2C3D4E5-F6A7-8901-BCDE-F123456789AB}.Release|Any CPU.ActiveCfg = Release|Any CPU
		{B2C3D4E5-F6A7-8901-BCDE-F123456789AB}.Release|Any CPU.Build.0 = Release|Any CPU
		{7625BBBC-CBE7-4A70-A24B-BAC3005A5E8D}.Debug|Any CPU.ActiveCfg = Debug|Any CPU
		{7625BBBC-CBE7-4A70-A24B-BAC3005A5E8D}.Debug|Any CPU.Build.0 = Debug|Any CPU
		{7625BBBC-CBE7-4A70-A24B-BAC3005A5E8D}.Release|Any CPU.ActiveCfg = Release|Any CPU
		{7625BBBC-CBE7-4A70-A24B-BAC3005A5E8D}.Release|Any CPU.Build.0 = Release|Any CPU
		{F96F36AB-E5BA-4FAC-89DA-EFE768C281E5}.Debug|Any CPU.ActiveCfg = Debug|Any CPU
		{F96F36AB-E5BA-4FAC-89DA-EFE768C281E5}.Debug|Any CPU.Build.0 = Debug|Any CPU
		{F96F36AB-E5BA-4FAC-89DA-EFE768C281E5}.Release|Any CPU.ActiveCfg = Release|Any CPU
		{F96F36AB-E5BA-4FAC-89DA-EFE768C281E5}.Release|Any CPU.Build.0 = Release|Any CPU
		{03215A9F-65D7-43D5-83C4-6238EB91A3F9}.Debug|Any CPU.ActiveCfg = Debug|Any CPU
		{03215A9F-65D7-43D5-83C4-6238EB91A3F9}.Debug|Any CPU.Build.0 = Debug|Any CPU
		{03215A9F-65D7-43D5-83C4-6238EB91A3F9}.Release|Any CPU.ActiveCfg = Release|Any CPU
		{03215A9F-65D7-43D5-83C4-6238EB91A3F9}.Release|Any CPU.Build.0 = Release|Any CPU
		{193A9CF9-714D-4E92-9577-E6289D9AFBA1}.Debug|Any CPU.ActiveCfg = Debug|Any CPU
		{193A9CF9-714D-4E92-9577-E6289D9AFBA1}.Debug|Any CPU.Build.0 = Debug|Any CPU
		{193A9CF9-714D-4E92-9577-E6289D9AFBA1}.Release|Any CPU.ActiveCfg = Release|Any CPU
		{193A9CF9-714D-4E92-9577-E6289D9AFBA1}.Release|Any CPU.Build.0 = Release|Any CPU
		{53F538CE-0A14-4A16-9A1B-C08EB1EA4567}.Debug|Any CPU.ActiveCfg = Debug|Any CPU
		{53F538CE-0A14-4A16-9A1B-C08EB1EA4567}.Debug|Any CPU.Build.0 = Debug|Any CPU
		{53F538CE-0A14-4A16-9A1B-C08EB1EA4567}.Release|Any CPU.ActiveCfg = Release|Any CPU
		{53F538CE-0A14-4A16-9A1B-C08EB1EA4567}.Release|Any CPU.Build.0 = Release|Any CPU
		{44C9E9AD-10F4-4D34-89EC-D2B78582F272}.Debug|Any CPU.ActiveCfg = Debug|Any CPU
		{44C9E9AD-10F4-4D34-89EC-D2B78582F272}.Debug|Any CPU.Build.0 = Debug|Any CPU
		{44C9E9AD-10F4-4D34-89EC-D2B78582F272}.Release|Any CPU.ActiveCfg = Release|Any CPU
		{44C9E9AD-10F4-4D34-89EC-D2B78582F272}.Release|Any CPU.Build.0 = Release|Any CPU
		{9952B359-ED79-40A2-92CB-1E943B36C8AD}.Debug|Any CPU.ActiveCfg = Debug|Any CPU
		{9952B359-ED79-40A2-92CB-1E943B36C8AD}.Debug|Any CPU.Build.0 = Debug|Any CPU
		{9952B359-ED79-40A2-92CB-1E943B36C8AD}.Release|Any CPU.ActiveCfg = Release|Any CPU
		{9952B359-ED79-40A2-92CB-1E943B36C8AD}.Release|Any CPU.Build.0 = Release|Any CPU
		{81DDED9D-158B-E303-5F62-77A2896D2A5A}.Debug|Any CPU.ActiveCfg = Debug|Any CPU
		{81DDED9D-158B-E303-5F62-77A2896D2A5A}.Debug|Any CPU.Build.0 = Debug|Any CPU
		{81DDED9D-158B-E303-5F62-77A2896D2A5A}.Release|Any CPU.ActiveCfg = Release|Any CPU
		{81DDED9D-158B-E303-5F62-77A2896D2A5A}.Release|Any CPU.Build.0 = Release|Any CPU
	EndGlobalSection
	GlobalSection(SolutionProperties) = preSolution
		HideSolutionNode = FALSE
	EndGlobalSection
	GlobalSection(NestedProjects) = preSolution
		{8529CEA8-7C89-4E9A-A326-67507CBE026D} = {A6A75F9E-2CAB-40A1-AEFB-9E94AFC226BE}
		{CF66E65D-9B86-4E40-B069-F15B7283C4A8} = {A6A75F9E-2CAB-40A1-AEFB-9E94AFC226BE}
		{DD7FD095-D07E-4F64-8F51-53F673BDC221} = {A6A75F9E-2CAB-40A1-AEFB-9E94AFC226BE}
		{24B813FA-2EFC-4C8D-947A-6FBBB0812776} = {A6A75F9E-2CAB-40A1-AEFB-9E94AFC226BE}
		{2B84E408-A868-4F25-B225-4562B48DD252} = {A6A75F9E-2CAB-40A1-AEFB-9E94AFC226BE}
		{A1DF28D6-64DF-42D9-828C-4C608E89B4D0} = {A6A75F9E-2CAB-40A1-AEFB-9E94AFC226BE}
		{424E137A-9B30-415A-98F2-E7950DEFC3DD} = {A6A75F9E-2CAB-40A1-AEFB-9E94AFC226BE}
		{6E832E5A-8C30-49A6-AB5D-17EA8BAA1EC2} = {9463A83A-E4FB-46D7-B810-5004FBBA40AB}
		{3DA07CCC-9B42-478A-89DB-946BFACC9B0C} = {9463A83A-E4FB-46D7-B810-5004FBBA40AB}
		{39CC0B3C-4AB5-4E21-94F6-5143B90B566E} = {9463A83A-E4FB-46D7-B810-5004FBBA40AB}
		{3DAAC90E-2A57-41BA-B4BF-29422A44FE08} = {9463A83A-E4FB-46D7-B810-5004FBBA40AB}
		{2BE3B91A-43CA-4C18-88B8-4BEAA9172BED} = {9463A83A-E4FB-46D7-B810-5004FBBA40AB}
		{D73638BE-F315-41EF-A205-731FB0BBC125} = {9463A83A-E4FB-46D7-B810-5004FBBA40AB}
		{1DD54D18-5819-4977-8966-5ACAB7F8BB1E} = {9463A83A-E4FB-46D7-B810-5004FBBA40AB}
		{A1B2C3D4-E5F6-7890-ABCD-EF1234567890} = {9463A83A-E4FB-46D7-B810-5004FBBA40AB}
		{B2C3D4E5-F6A7-8901-BCDE-F123456789AB} = {9463A83A-E4FB-46D7-B810-5004FBBA40AB}
		{7625BBBC-CBE7-4A70-A24B-BAC3005A5E8D} = {9463A83A-E4FB-46D7-B810-5004FBBA40AB}
		{F96F36AB-E5BA-4FAC-89DA-EFE768C281E5} = {9463A83A-E4FB-46D7-B810-5004FBBA40AB}
		{03215A9F-65D7-43D5-83C4-6238EB91A3F9} = {9463A83A-E4FB-46D7-B810-5004FBBA40AB}
		{193A9CF9-714D-4E92-9577-E6289D9AFBA1} = {9463A83A-E4FB-46D7-B810-5004FBBA40AB}
		{53F538CE-0A14-4A16-9A1B-C08EB1EA4567} = {9463A83A-E4FB-46D7-B810-5004FBBA40AB}
		{44C9E9AD-10F4-4D34-89EC-D2B78582F272} = {9463A83A-E4FB-46D7-B810-5004FBBA40AB}
		{9952B359-ED79-40A2-92CB-1E943B36C8AD} = {9463A83A-E4FB-46D7-B810-5004FBBA40AB}
	EndGlobalSection
EndGlobal
